
Microsoft Visual Studio Solution File, Format Version 12.00
# Visual Studio Version 16
VisualStudioVersion = 16.0.31402.337
MinimumVisualStudioVersion = 10.0.40219.1
Project("{FAE04EC0-301F-11D3-BF4B-00C04F79EFBC}") = "MarketPlace.web", "MarketPlace.web\MarketPlace.web.csproj", "{2B87647D-A6D4-437C-B244-A1586DFE5D22}"
EndProject
Project("{FAE04EC0-301F-11D3-BF4B-00C04F79EFBC}") = "MarketPlace.dataLayer", "MarketPlace.dataLayer\MarketPlace.dataLayer.csproj", "{0A477D3D-082E-4B29-9821-0E0D0F0934A1}"
EndProject
Project("{FAE04EC0-301F-11D3-BF4B-00C04F79EFBC}") = "MarketPlace.application", "MarketPlace.application\MarketPlace.application.csproj", "{C6894275-84DB-4A5F-B922-600D41E66604}"
EndProject
Global
	GlobalSection(SolutionConfigurationPlatforms) = preSolution
		Debug|Any CPU = Debug|Any CPU
		Release|Any CPU = Release|Any CPU
	EndGlobalSection
	GlobalSection(ProjectConfigurationPlatforms) = postSolution
		{2B87647D-A6D4-437C-B244-A1586DFE5D22}.Debug|Any CPU.ActiveCfg = Debug|Any CPU
		{2B87647D-A6D4-437C-B244-A1586DFE5D22}.Debug|Any CPU.Build.0 = Debug|Any CPU
		{2B87647D-A6D4-437C-B244-A1586DFE5D22}.Release|Any CPU.ActiveCfg = Release|Any CPU
		{2B87647D-A6D4-437C-B244-A1586DFE5D22}.Release|Any CPU.Build.0 = Release|Any CPU
		{0A477D3D-082E-4B29-9821-0E0D0F0934A1}.Debug|Any CPU.ActiveCfg = Debug|Any CPU
		{0A477D3D-082E-4B29-9821-0E0D0F0934A1}.Debug|Any CPU.Build.0 = Debug|Any CPU
		{0A477D3D-082E-4B29-9821-0E0D0F0934A1}.Release|Any CPU.ActiveCfg = Release|Any CPU
		{0A477D3D-082E-4B29-9821-0E0D0F0934A1}.Release|Any CPU.Build.0 = Release|Any CPU
		{C6894275-84DB-4A5F-B922-600D41E66604}.Debug|Any CPU.ActiveCfg = Debug|Any CPU
		{C6894275-84DB-4A5F-B922-600D41E66604}.Debug|Any CPU.Build.0 = Debug|Any CPU
		{C6894275-84DB-4A5F-B922-600D41E66604}.Release|Any CPU.ActiveCfg = Release|Any CPU
		{C6894275-84DB-4A5F-B922-600D41E66604}.Release|Any CPU.Build.0 = Release|Any CPU
	EndGlobalSection
	GlobalSection(SolutionProperties) = preSolution
		HideSolutionNode = FALSE
	EndGlobalSection
	GlobalSection(ExtensibilityGlobals) = postSolution
		SolutionGuid = {69DF5AAC-0DD7-4E98-AF4A-B53AF66FD033}
	EndGlobalSection
EndGlobal
